
Microsoft Visual Studio Solution File, Format Version 12.00
# Visual Studio 15
VisualStudioVersion = 15.0.27428.2043
MinimumVisualStudioVersion = 10.0.40219.1
Project("{FAE04EC0-301F-11D3-BF4B-00C04F79EFBC}") = "HS3-Life360", "HS3-Life360\HS3-Life360.csproj", "{F5D22808-B5B2-4389-9E20-3CBD31B6BD76}"
EndProject
Global
	GlobalSection(SolutionConfigurationPlatforms) = preSolution
		Debug|Any CPU = Debug|Any CPU
		Release|Any CPU = Release|Any CPU
	EndGlobalSection
	GlobalSection(ProjectConfigurationPlatforms) = postSolution
		{F5D22808-B5B2-4389-9E20-3CBD31B6BD76}.Debug|Any CPU.ActiveCfg = Debug|Any CPU
		{F5D22808-B5B2-4389-9E20-3CBD31B6BD76}.Debug|Any CPU.Build.0 = Debug|Any CPU
		{F5D22808-B5B2-4389-9E20-3CBD31B6BD76}.Release|Any CPU.ActiveCfg = Release|Any CPU
		{F5D22808-B5B2-4389-9E20-3CBD31B6BD76}.Release|Any CPU.Build.0 = Release|Any CPU
	EndGlobalSection
	GlobalSection(SolutionProperties) = preSolution
		HideSolutionNode = FALSE
	EndGlobalSection
	GlobalSection(ExtensibilityGlobals) = postSolution
		SolutionGuid = {52FF0095-7148-4AA2-8EEB-85ED5D0C3143}
	EndGlobalSection
EndGlobal
